
Microsoft Visual Studio Solution File, Format Version 12.00
# Visual Studio 15
VisualStudioVersion = 15.0.27130.2036
MinimumVisualStudioVersion = 10.0.40219.1
Project("{FAE04EC0-301F-11D3-BF4B-00C04F79EFBC}") = "Testing.Android", "Testing\Testing.Android\Testing.Android.csproj", "{947F3694-33E9-4B93-A722-C5CD4589142D}"
EndProject
Project("{FAE04EC0-301F-11D3-BF4B-00C04F79EFBC}") = "Testing.iOS", "Testing\Testing.iOS\Testing.iOS.csproj", "{79C41AD7-7EDE-414B-8CE3-21E78413C401}"
EndProject
Project("{D954291E-2A0B-460D-934E-DC6B0785DB48}") = "Testing", "Testing\Testing\Testing.shproj", "{D3FCC693-75AB-49A8-947B-C3D02C957FDC}"
EndProject
Global
	GlobalSection(SharedMSBuildProjectFiles) = preSolution
		Testing\Testing\Testing.projitems*{79c41ad7-7ede-414b-8ce3-21e78413c401}*SharedItemsImports = 4
		Testing\Testing\Testing.projitems*{947f3694-33e9-4b93-a722-c5cd4589142d}*SharedItemsImports = 4
		Testing\Testing\Testing.projitems*{d3fcc693-75ab-49a8-947b-c3d02c957fdc}*SharedItemsImports = 13
	EndGlobalSection
	GlobalSection(SolutionConfigurationPlatforms) = preSolution
		Ad-Hoc|Any CPU = Ad-Hoc|Any CPU
		Ad-Hoc|iPhone = Ad-Hoc|iPhone
		Ad-Hoc|iPhoneSimulator = Ad-Hoc|iPhoneSimulator
		AppStore|Any CPU = AppStore|Any CPU
		AppStore|iPhone = AppStore|iPhone
		AppStore|iPhoneSimulator = AppStore|iPhoneSimulator
		Debug|Any CPU = Debug|Any CPU
		Debug|iPhone = Debug|iPhone
		Debug|iPhoneSimulator = Debug|iPhoneSimulator
		Release|Any CPU = Release|Any CPU
		Release|iPhone = Release|iPhone
		Release|iPhoneSimulator = Release|iPhoneSimulator
	EndGlobalSection
	GlobalSection(ProjectConfigurationPlatforms) = postSolution
		{947F3694-33E9-4B93-A722-C5CD4589142D}.Ad-Hoc|Any CPU.ActiveCfg = Release|Any CPU
		{947F3694-33E9-4B93-A722-C5CD4589142D}.Ad-Hoc|Any CPU.Build.0 = Release|Any CPU
		{947F3694-33E9-4B93-A722-C5CD4589142D}.Ad-Hoc|Any CPU.Deploy.0 = Release|Any CPU
		{947F3694-33E9-4B93-A722-C5CD4589142D}.Ad-Hoc|iPhone.ActiveCfg = Release|Any CPU
		{947F3694-33E9-4B93-A722-C5CD4589142D}.Ad-Hoc|iPhone.Build.0 = Release|Any CPU
		{947F3694-33E9-4B93-A722-C5CD4589142D}.Ad-Hoc|iPhone.Deploy.0 = Release|Any CPU
		{947F3694-33E9-4B93-A722-C5CD4589142D}.Ad-Hoc|iPhoneSimulator.ActiveCfg = Release|Any CPU
		{947F3694-33E9-4B93-A722-C5CD4589142D}.Ad-Hoc|iPhoneSimulator.Build.0 = Release|Any CPU
		{947F3694-33E9-4B93-A722-C5CD4589142D}.Ad-Hoc|iPhoneSimulator.Deploy.0 = Release|Any CPU
		{947F3694-33E9-4B93-A722-C5CD4589142D}.AppStore|Any CPU.ActiveCfg = Release|Any CPU
		{947F3694-33E9-4B93-A722-C5CD4589142D}.AppStore|Any CPU.Build.0 = Release|Any CPU
		{947F3694-33E9-4B93-A722-C5CD4589142D}.AppStore|Any CPU.Deploy.0 = Release|Any CPU
		{947F3694-33E9-4B93-A722-C5CD4589142D}.AppStore|iPhone.ActiveCfg = Release|Any CPU
		{947F3694-33E9-4B93-A722-C5CD4589142D}.AppStore|iPhone.Build.0 = Release|Any CPU
		{947F3694-33E9-4B93-A722-C5CD4589142D}.AppStore|iPhone.Deploy.0 = Release|Any CPU
		{947F3694-33E9-4B93-A722-C5CD4589142D}.AppStore|iPhoneSimulator.ActiveCfg = Release|Any CPU
		{947F3694-33E9-4B93-A722-C5CD4589142D}.AppStore|iPhoneSimulator.Build.0 = Release|Any CPU
		{947F3694-33E9-4B93-A722-C5CD4589142D}.AppStore|iPhoneSimulator.Deploy.0 = Release|Any CPU
		{947F3694-33E9-4B93-A722-C5CD4589142D}.Debug|Any CPU.ActiveCfg = Debug|Any CPU
		{947F3694-33E9-4B93-A722-C5CD4589142D}.Debug|Any CPU.Build.0 = Debug|Any CPU
		{947F3694-33E9-4B93-A722-C5CD4589142D}.Debug|Any CPU.Deploy.0 = Debug|Any CPU
		{947F3694-33E9-4B93-A722-C5CD4589142D}.Debug|iPhone.ActiveCfg = Debug|Any CPU
		{947F3694-33E9-4B93-A722-C5CD4589142D}.Debug|iPhone.Build.0 = Debug|Any CPU
		{947F3694-33E9-4B93-A722-C5CD4589142D}.Debug|iPhone.Deploy.0 = Debug|Any CPU
		{947F3694-33E9-4B93-A722-C5CD4589142D}.Debug|iPhoneSimulator.ActiveCfg = Debug|Any CPU
		{947F3694-33E9-4B93-A722-C5CD4589142D}.Debug|iPhoneSimulator.Build.0 = Debug|Any CPU
		{947F3694-33E9-4B93-A722-C5CD4589142D}.Debug|iPhoneSimulator.Deploy.0 = Debug|Any CPU
		{947F3694-33E9-4B93-A722-C5CD4589142D}.Release|Any CPU.ActiveCfg = Release|Any CPU
		{947F3694-33E9-4B93-A722-C5CD4589142D}.Release|Any CPU.Build.0 = Release|Any CPU
		{947F3694-33E9-4B93-A722-C5CD4589142D}.Release|Any CPU.Deploy.0 = Release|Any CPU
		{947F3694-33E9-4B93-A722-C5CD4589142D}.Release|iPhone.ActiveCfg = Release|Any CPU
		{947F3694-33E9-4B93-A722-C5CD4589142D}.Release|iPhone.Build.0 = Release|Any CPU
		{947F3694-33E9-4B93-A722-C5CD4589142D}.Release|iPhone.Deploy.0 = Release|Any CPU
		{947F3694-33E9-4B93-A722-C5CD4589142D}.Release|iPhoneSimulator.ActiveCfg = Release|Any CPU
		{947F3694-33E9-4B93-A722-C5CD4589142D}.Release|iPhoneSimulator.Build.0 = Release|Any CPU
		{947F3694-33E9-4B93-A722-C5CD4589142D}.Release|iPhoneSimulator.Deploy.0 = Release|Any CPU
		{79C41AD7-7EDE-414B-8CE3-21E78413C401}.Ad-Hoc|Any CPU.ActiveCfg = Ad-Hoc|iPhone
		{79C41AD7-7EDE-414B-8CE3-21E78413C401}.Ad-Hoc|iPhone.ActiveCfg = Ad-Hoc|iPhone
		{79C41AD7-7EDE-414B-8CE3-21E78413C401}.Ad-Hoc|iPhone.Build.0 = Ad-Hoc|iPhone
		{79C41AD7-7EDE-414B-8CE3-21E78413C401}.Ad-Hoc|iPhoneSimulator.ActiveCfg = Ad-Hoc|iPhoneSimulator
		{79C41AD7-7EDE-414B-8CE3-21E78413C401}.Ad-Hoc|iPhoneSimulator.Build.0 = Ad-Hoc|iPhoneSimulator
		{79C41AD7-7EDE-414B-8CE3-21E78413C401}.AppStore|Any CPU.ActiveCfg = AppStore|iPhone
		{79C41AD7-7EDE-414B-8CE3-21E78413C401}.AppStore|iPhone.ActiveCfg = AppStore|iPhone
		{79C41AD7-7EDE-414B-8CE3-21E78413C401}.AppStore|iPhone.Build.0 = AppStore|iPhone
		{79C41AD7-7EDE-414B-8CE3-21E78413C401}.AppStore|iPhoneSimulator.ActiveCfg = AppStore|iPhoneSimulator
		{79C41AD7-7EDE-414B-8CE3-21E78413C401}.AppStore|iPhoneSimulator.Build.0 = AppStore|iPhoneSimulator
		{79C41AD7-7EDE-414B-8CE3-21E78413C401}.Debug|Any CPU.ActiveCfg = Debug|iPhone
		{79C41AD7-7EDE-414B-8CE3-21E78413C401}.Debug|iPhone.ActiveCfg = Debug|iPhone
		{79C41AD7-7EDE-414B-8CE3-21E78413C401}.Debug|iPhone.Build.0 = Debug|iPhone
		{79C41AD7-7EDE-414B-8CE3-21E78413C401}.Debug|iPhoneSimulator.ActiveCfg = Debug|iPhoneSimulator
		{79C41AD7-7EDE-414B-8CE3-21E78413C401}.Debug|iPhoneSimulator.Build.0 = Debug|iPhoneSimulator
		{79C41AD7-7EDE-414B-8CE3-21E78413C401}.Release|Any CPU.ActiveCfg = Release|iPhone
		{79C41AD7-7EDE-414B-8CE3-21E78413C401}.Release|iPhone.ActiveCfg = Release|iPhone
		{79C41AD7-7EDE-414B-8CE3-21E78413C401}.Release|iPhone.Build.0 = Release|iPhone
		{79C41AD7-7EDE-414B-8CE3-21E78413C401}.Release|iPhoneSimulator.ActiveCfg = Release|iPhoneSimulator
		{79C41AD7-7EDE-414B-8CE3-21E78413C401}.Release|iPhoneSimulator.Build.0 = Release|iPhoneSimulator
	EndGlobalSection
	GlobalSection(SolutionProperties) = preSolution
		HideSolutionNode = FALSE
	EndGlobalSection
	GlobalSection(ExtensibilityGlobals) = postSolution
		SolutionGuid = {F817A6DA-5ADC-4A64-A8FB-771C3D6DBE41}
	EndGlobalSection
EndGlobal
